
Microsoft Visual Studio Solution File, Format Version 12.00
# Visual Studio Version 17
VisualStudioVersion = 17.8.34408.163
MinimumVisualStudioVersion = 10.0.40219.1
Project("{9A19103F-16F7-4668-BE54-9A1E7A4F7556}") = "DSUGrupp1", "DSUGrupp1\DSUGrupp1.csproj", "{22769355-31DF-4CA2-9B71-0D85A94A5D75}"
EndProject
Global
	GlobalSection(SolutionConfigurationPlatforms) = preSolution
		Debug|Any CPU = Debug|Any CPU
		Release|Any CPU = Release|Any CPU
	EndGlobalSection
	GlobalSection(ProjectConfigurationPlatforms) = postSolution
		{22769355-31DF-4CA2-9B71-0D85A94A5D75}.Debug|Any CPU.ActiveCfg = Debug|Any CPU
		{22769355-31DF-4CA2-9B71-0D85A94A5D75}.Debug|Any CPU.Build.0 = Debug|Any CPU
		{22769355-31DF-4CA2-9B71-0D85A94A5D75}.Release|Any CPU.ActiveCfg = Release|Any CPU
		{22769355-31DF-4CA2-9B71-0D85A94A5D75}.Release|Any CPU.Build.0 = Release|Any CPU
	EndGlobalSection
	GlobalSection(SolutionProperties) = preSolution
		HideSolutionNode = FALSE
	EndGlobalSection
	GlobalSection(ExtensibilityGlobals) = postSolution
		SolutionGuid = {4E7FC740-A29C-43B6-90B0-2C6BEAE51130}
	EndGlobalSection
EndGlobal
